
Microsoft Visual Studio Solution File, Format Version 12.00
# Visual Studio Version 16
VisualStudioVersion = 16.0.31702.278
MinimumVisualStudioVersion = 10.0.40219.1
Project("{FAE04EC0-301F-11D3-BF4B-00C04F79EFBC}") = "groceries_n_at", "groceries_n_at\groceries_n_at.csproj", "{A74EC983-D78E-472B-A93C-110A05FE947C}"
EndProject
Global
	GlobalSection(SolutionConfigurationPlatforms) = preSolution
		Debug|Any CPU = Debug|Any CPU
		Release|Any CPU = Release|Any CPU
	EndGlobalSection
	GlobalSection(ProjectConfigurationPlatforms) = postSolution
		{A74EC983-D78E-472B-A93C-110A05FE947C}.Debug|Any CPU.ActiveCfg = Debug|Any CPU
		{A74EC983-D78E-472B-A93C-110A05FE947C}.Debug|Any CPU.Build.0 = Debug|Any CPU
		{A74EC983-D78E-472B-A93C-110A05FE947C}.Release|Any CPU.ActiveCfg = Release|Any CPU
		{A74EC983-D78E-472B-A93C-110A05FE947C}.Release|Any CPU.Build.0 = Release|Any CPU
	EndGlobalSection
	GlobalSection(SolutionProperties) = preSolution
		HideSolutionNode = FALSE
	EndGlobalSection
	GlobalSection(ExtensibilityGlobals) = postSolution
		SolutionGuid = {EB300D8C-6BCF-4ADE-9B03-42A0C1423D29}
	EndGlobalSection
EndGlobal
